// !$*UTF8*$!
{
	archiveVersion = 1;
	classes = {
	};
	objectVersion = 50;
	objects = {

/* Begin PBXBuildFile section */
		CB40AA1A24CD467A0082F560 /* AppDelegate.swift in Sources */ = {isa = PBXBuildFile; fileRef = CB40AA1924CD467A0082F560 /* AppDelegate.swift */; };
		CB40AA1C24CD467A0082F560 /* SceneDelegate.swift in Sources */ = {isa = PBXBuildFile; fileRef = CB40AA1B24CD467A0082F560 /* SceneDelegate.swift */; };
		CB40AA2324CD467A0082F560 /* Assets.xcassets in Resources */ = {isa = PBXBuildFile; fileRef = CB40AA2224CD467A0082F560 /* Assets.xcassets */; };
		CB40AA2624CD467A0082F560 /* LaunchScreen.storyboard in Resources */ = {isa = PBXBuildFile; fileRef = CB40AA2424CD467A0082F560 /* LaunchScreen.storyboard */; };
		CB40AA2E24CD54E00082F560 /* const.swift in Sources */ = {isa = PBXBuildFile; fileRef = CB40AA2D24CD54E00082F560 /* const.swift */; };
		CB40AA3024CD56480082F560 /* GroupController.swift in Sources */ = {isa = PBXBuildFile; fileRef = CB40AA2F24CD56480082F560 /* GroupController.swift */; };
		CB40AA3224CD56560082F560 /* SubjectsController.swift in Sources */ = {isa = PBXBuildFile; fileRef = CB40AA3124CD56560082F560 /* SubjectsController.swift */; };
		CB40AA3424CD56600082F560 /* MineController.swift in Sources */ = {isa = PBXBuildFile; fileRef = CB40AA3324CD56600082F560 /* MineController.swift */; };
		CB40AA3624CD566F0082F560 /* HomeController.swift in Sources */ = {isa = PBXBuildFile; fileRef = CB40AA3524CD566F0082F560 /* HomeController.swift */; };
		CB40AA3824CD567A0082F560 /* MarketController.swift in Sources */ = {isa = PBXBuildFile; fileRef = CB40AA3724CD567A0082F560 /* MarketController.swift */; };
		CB40AA5A24CD67240082F560 /* HMTabbarController.swift in Sources */ = {isa = PBXBuildFile; fileRef = CB40AA5924CD67240082F560 /* HMTabbarController.swift */; };
		CB40AA5E24CD68F20082F560 /* HMTabBarButton.swift in Sources */ = {isa = PBXBuildFile; fileRef = CB40AA5D24CD68F20082F560 /* HMTabBarButton.swift */; };
		CB40AA6024CD72DB0082F560 /* HMTabBar.swift in Sources */ = {isa = PBXBuildFile; fileRef = CB40AA5F24CD72DB0082F560 /* HMTabBar.swift */; };
		CB40AA6224CEA6660082F560 /* MyExtension.swift in Sources */ = {isa = PBXBuildFile; fileRef = CB40AA6124CEA6660082F560 /* MyExtension.swift */; };
		CB40AA6624CEA8020082F560 /* HMNavigationController.swift in Sources */ = {isa = PBXBuildFile; fileRef = CB40AA6524CEA8020082F560 /* HMNavigationController.swift */; };
		CB40AA6824CEAB6D0082F560 /* HMNavSearchView.swift in Sources */ = {isa = PBXBuildFile; fileRef = CB40AA6724CEAB6D0082F560 /* HMNavSearchView.swift */; };
		CB40AA6A24CEAB880082F560 /* HMNavSearchView.xib in Resources */ = {isa = PBXBuildFile; fileRef = CB40AA6924CEAB880082F560 /* HMNavSearchView.xib */; };
		CB40AA6C24CFC4490082F560 /* HMPageView.swift in Sources */ = {isa = PBXBuildFile; fileRef = CB40AA6B24CFC4490082F560 /* HMPageView.swift */; };
		CB40AA6E24CFC5560082F560 /* HMPageStyle.swift in Sources */ = {isa = PBXBuildFile; fileRef = CB40AA6D24CFC5560082F560 /* HMPageStyle.swift */; };
		CB40AA7024CFC5AF0082F560 /* HMPageTitleView.swift in Sources */ = {isa = PBXBuildFile; fileRef = CB40AA6F24CFC5AF0082F560 /* HMPageTitleView.swift */; };
		CB40AA7224CFC7150082F560 /* HMPageContentView.swift in Sources */ = {isa = PBXBuildFile; fileRef = CB40AA7124CFC7150082F560 /* HMPageContentView.swift */; };
		CB40AA7424CFC93C0082F560 /* HMPageCollectionViewFlowLayout.swift in Sources */ = {isa = PBXBuildFile; fileRef = CB40AA7324CFC93C0082F560 /* HMPageCollectionViewFlowLayout.swift */; };
		CB40AA7724CFCB9B0082F560 /* HMGoLoginController.swift in Sources */ = {isa = PBXBuildFile; fileRef = CB40AA7524CFCB9B0082F560 /* HMGoLoginController.swift */; };
		CB40AA7824CFCB9B0082F560 /* HMGoLoginController.xib in Resources */ = {isa = PBXBuildFile; fileRef = CB40AA7624CFCB9B0082F560 /* HMGoLoginController.xib */; };
		CB40AA7B24D006450082F560 /* HMHomeRecController.swift in Sources */ = {isa = PBXBuildFile; fileRef = CB40AA7A24D006450082F560 /* HMHomeRecController.swift */; };
		CB40AA7E24D0077B0082F560 /* HMHomeRecAPI.swift in Sources */ = {isa = PBXBuildFile; fileRef = CB40AA7D24D0077B0082F560 /* HMHomeRecAPI.swift */; };
		EE0911A0E7106CA62A4DA7C8 /* Pods___.framework in Frameworks */ = {isa = PBXBuildFile; fileRef = EB7958C4473FD49C9233085F /* Pods___.framework */; };
/* End PBXBuildFile section */

/* Begin PBXFileReference section */
		94CAD2D689E731D597B1B078 /* Pods-豆瓣.release.xcconfig */ = {isa = PBXFileReference; includeInIndex = 1; lastKnownFileType = text.xcconfig; name = "Pods-豆瓣.release.xcconfig"; path = "Target Support Files/Pods-豆瓣/Pods-豆瓣.release.xcconfig"; sourceTree = "<group>"; };
		CB40AA1624CD467A0082F560 /* 豆瓣.app */ = {isa = PBXFileReference; explicitFileType = wrapper.application; includeInIndex = 0; path = "豆瓣.app"; sourceTree = BUILT_PRODUCTS_DIR; };
		CB40AA1924CD467A0082F560 /* AppDelegate.swift */ = {isa = PBXFileReference; lastKnownFileType = sourcecode.swift; path = AppDelegate.swift; sourceTree = "<group>"; };
		CB40AA1B24CD467A0082F560 /* SceneDelegate.swift */ = {isa = PBXFileReference; lastKnownFileType = sourcecode.swift; path = SceneDelegate.swift; sourceTree = "<group>"; };
		CB40AA2224CD467A0082F560 /* Assets.xcassets */ = {isa = PBXFileReference; lastKnownFileType = folder.assetcatalog; path = Assets.xcassets; sourceTree = "<group>"; };
		CB40AA2524CD467A0082F560 /* Base */ = {isa = PBXFileReference; lastKnownFileType = file.storyboard; name = Base; path = Base.lproj/LaunchScreen.storyboard; sourceTree = "<group>"; };
		CB40AA2724CD467A0082F560 /* Info.plist */ = {isa = PBXFileReference; lastKnownFileType = text.plist.xml; path = Info.plist; sourceTree = "<group>"; };
		CB40AA2D24CD54E00082F560 /* const.swift */ = {isa = PBXFileReference; lastKnownFileType = sourcecode.swift; path = const.swift; sourceTree = "<group>"; };
		CB40AA2F24CD56480082F560 /* GroupController.swift */ = {isa = PBXFileReference; lastKnownFileType = sourcecode.swift; path = GroupController.swift; sourceTree = "<group>"; };
		CB40AA3124CD56560082F560 /* SubjectsController.swift */ = {isa = PBXFileReference; lastKnownFileType = sourcecode.swift; path = SubjectsController.swift; sourceTree = "<group>"; };
		CB40AA3324CD56600082F560 /* MineController.swift */ = {isa = PBXFileReference; lastKnownFileType = sourcecode.swift; path = MineController.swift; sourceTree = "<group>"; };
		CB40AA3524CD566F0082F560 /* HomeController.swift */ = {isa = PBXFileReference; lastKnownFileType = sourcecode.swift; path = HomeController.swift; sourceTree = "<group>"; };
		CB40AA3724CD567A0082F560 /* MarketController.swift */ = {isa = PBXFileReference; lastKnownFileType = sourcecode.swift; path = MarketController.swift; sourceTree = "<group>"; };
		CB40AA5924CD67240082F560 /* HMTabbarController.swift */ = {isa = PBXFileReference; lastKnownFileType = sourcecode.swift; path = HMTabbarController.swift; sourceTree = "<group>"; };
		CB40AA5D24CD68F20082F560 /* HMTabBarButton.swift */ = {isa = PBXFileReference; lastKnownFileType = sourcecode.swift; path = HMTabBarButton.swift; sourceTree = "<group>"; };
		CB40AA5F24CD72DB0082F560 /* HMTabBar.swift */ = {isa = PBXFileReference; lastKnownFileType = sourcecode.swift; path = HMTabBar.swift; sourceTree = "<group>"; };
		CB40AA6124CEA6660082F560 /* MyExtension.swift */ = {isa = PBXFileReference; lastKnownFileType = sourcecode.swift; path = MyExtension.swift; sourceTree = "<group>"; };
		CB40AA6524CEA8020082F560 /* HMNavigationController.swift */ = {isa = PBXFileReference; lastKnownFileType = sourcecode.swift; path = HMNavigationController.swift; sourceTree = "<group>"; };
		CB40AA6724CEAB6D0082F560 /* HMNavSearchView.swift */ = {isa = PBXFileReference; lastKnownFileType = sourcecode.swift; path = HMNavSearchView.swift; sourceTree = "<group>"; };
		CB40AA6924CEAB880082F560 /* HMNavSearchView.xib */ = {isa = PBXFileReference; lastKnownFileType = file.xib; path = HMNavSearchView.xib; sourceTree = "<group>"; };
		CB40AA6B24CFC4490082F560 /* HMPageView.swift */ = {isa = PBXFileReference; lastKnownFileType = sourcecode.swift; path = HMPageView.swift; sourceTree = "<group>"; };
		CB40AA6D24CFC5560082F560 /* HMPageStyle.swift */ = {isa = PBXFileReference; lastKnownFileType = sourcecode.swift; path = HMPageStyle.swift; sourceTree = "<group>"; };
		CB40AA6F24CFC5AF0082F560 /* HMPageTitleView.swift */ = {isa = PBXFileReference; lastKnownFileType = sourcecode.swift; path = HMPageTitleView.swift; sourceTree = "<group>"; };
		CB40AA7124CFC7150082F560 /* HMPageContentView.swift */ = {isa = PBXFileReference; lastKnownFileType = sourcecode.swift; path = HMPageContentView.swift; sourceTree = "<group>"; };
		CB40AA7324CFC93C0082F560 /* HMPageCollectionViewFlowLayout.swift */ = {isa = PBXFileReference; lastKnownFileType = sourcecode.swift; path = HMPageCollectionViewFlowLayout.swift; sourceTree = "<group>"; };
		CB40AA7524CFCB9B0082F560 /* HMGoLoginController.swift */ = {isa = PBXFileReference; lastKnownFileType = sourcecode.swift; path = HMGoLoginController.swift; sourceTree = "<group>"; };
		CB40AA7624CFCB9B0082F560 /* HMGoLoginController.xib */ = {isa = PBXFileReference; lastKnownFileType = file.xib; path = HMGoLoginController.xib; sourceTree = "<group>"; };
		CB40AA7A24D006450082F560 /* HMHomeRecController.swift */ = {isa = PBXFileReference; lastKnownFileType = sourcecode.swift; path = HMHomeRecController.swift; sourceTree = "<group>"; };
		CB40AA7D24D0077B0082F560 /* HMHomeRecAPI.swift */ = {isa = PBXFileReference; lastKnownFileType = sourcecode.swift; path = HMHomeRecAPI.swift; sourceTree = "<group>"; };
		E934CBA95FB6DD7F19111601 /* Pods-豆瓣.debug.xcconfig */ = {isa = PBXFileReference; includeInIndex = 1; lastKnownFileType = text.xcconfig; name = "Pods-豆瓣.debug.xcconfig"; path = "Target Support Files/Pods-豆瓣/Pods-豆瓣.debug.xcconfig"; sourceTree = "<group>"; };
		EB7958C4473FD49C9233085F /* Pods___.framework */ = {isa = PBXFileReference; explicitFileType = wrapper.framework; includeInIndex = 0; path = Pods___.framework; sourceTree = BUILT_PRODUCTS_DIR; };
/* End PBXFileReference section */

/* Begin PBXFrameworksBuildPhase section */
		CB40AA1324CD467A0082F560 /* Frameworks */ = {
			isa = PBXFrameworksBuildPhase;
			buildActionMask = 2147483647;
			files = (
				EE0911A0E7106CA62A4DA7C8 /* Pods___.framework in Frameworks */,
			);
			runOnlyForDeploymentPostprocessing = 0;
		};
/* End PBXFrameworksBuildPhase section */

/* Begin PBXGroup section */
		27D6025E59BAE6BE956B6E25 /* Pods */ = {
			isa = PBXGroup;
			children = (
				E934CBA95FB6DD7F19111601 /* Pods-豆瓣.debug.xcconfig */,
				94CAD2D689E731D597B1B078 /* Pods-豆瓣.release.xcconfig */,
			);
			name = Pods;
			path = Pods;
			sourceTree = "<group>";
		};
		4D86DBF4729277160561B9BD /* Frameworks */ = {
			isa = PBXGroup;
			children = (
				EB7958C4473FD49C9233085F /* Pods___.framework */,
			);
			name = Frameworks;
			sourceTree = "<group>";
		};
		CB40AA0D24CD467A0082F560 = {
			isa = PBXGroup;
			children = (
				CB40AA1824CD467A0082F560 /* 豆瓣 */,
				CB40AA1724CD467A0082F560 /* Products */,
				27D6025E59BAE6BE956B6E25 /* Pods */,
				4D86DBF4729277160561B9BD /* Frameworks */,
			);
			sourceTree = "<group>";
		};
		CB40AA1724CD467A0082F560 /* Products */ = {
			isa = PBXGroup;
			children = (
				CB40AA1624CD467A0082F560 /* 豆瓣.app */,
			);
			name = Products;
			sourceTree = "<group>";
		};
		CB40AA1824CD467A0082F560 /* 豆瓣 */ = {
			isa = PBXGroup;
			children = (
				CB40AA7924D006060082F560 /* HMPageVIew */,
				CB40AA6424CEA77A0082F560 /* Other */,
				CB40AA6324CEA7680082F560 /* Main */,
				CB40AA4824CD57300082F560 /* 首页 */,
				CB40AA3E24CD57300082F560 /* 书影音 */,
				CB40AA4D24CD57300082F560 /* 小组 */,
				CB40AA5224CD57300082F560 /* 市集 */,
				CB40AA4324CD57300082F560 /* 我的 */,
				CB40AA2224CD467A0082F560 /* Assets.xcassets */,
				CB40AA2424CD467A0082F560 /* LaunchScreen.storyboard */,
				CB40AA2724CD467A0082F560 /* Info.plist */,
			);
			path = "豆瓣";
			sourceTree = "<group>";
		};
		CB40AA3E24CD57300082F560 /* 书影音 */ = {
			isa = PBXGroup;
			children = (
				CB40AA3F24CD57300082F560 /* ViewModels */,
				CB40AA4024CD57300082F560 /* Classes */,
				CB40AA4124CD57300082F560 /* Controllers */,
				CB40AA4224CD57300082F560 /* Views */,
			);
			path = "书影音";
			sourceTree = "<group>";
		};
		CB40AA3F24CD57300082F560 /* ViewModels */ = {
			isa = PBXGroup;
			children = (
			);
			path = ViewModels;
			sourceTree = "<group>";
		};
		CB40AA4024CD57300082F560 /* Classes */ = {
			isa = PBXGroup;
			children = (
			);
			path = Classes;
			sourceTree = "<group>";
		};
		CB40AA4124CD57300082F560 /* Controllers */ = {
			isa = PBXGroup;
			children = (
				CB40AA3124CD56560082F560 /* SubjectsController.swift */,
			);
			path = Controllers;
			sourceTree = "<group>";
		};
		CB40AA4224CD57300082F560 /* Views */ = {
			isa = PBXGroup;
			children = (
			);
			path = Views;
			sourceTree = "<group>";
		};
		CB40AA4324CD57300082F560 /* 我的 */ = {
			isa = PBXGroup;
			children = (
				CB40AA4424CD57300082F560 /* ViewModels */,
				CB40AA4524CD57300082F560 /* Classes */,
				CB40AA4624CD57300082F560 /* Controllers */,
				CB40AA4724CD57300082F560 /* Views */,
			);
			path = "我的";
			sourceTree = "<group>";
		};
		CB40AA4424CD57300082F560 /* ViewModels */ = {
			isa = PBXGroup;
			children = (
			);
			path = ViewModels;
			sourceTree = "<group>";
		};
		CB40AA4524CD57300082F560 /* Classes */ = {
			isa = PBXGroup;
			children = (
			);
			path = Classes;
			sourceTree = "<group>";
		};
		CB40AA4624CD57300082F560 /* Controllers */ = {
			isa = PBXGroup;
			children = (
				CB40AA3324CD56600082F560 /* MineController.swift */,
			);
			path = Controllers;
			sourceTree = "<group>";
		};
		CB40AA4724CD57300082F560 /* Views */ = {
			isa = PBXGroup;
			children = (
			);
			path = Views;
			sourceTree = "<group>";
		};
		CB40AA4824CD57300082F560 /* 首页 */ = {
			isa = PBXGroup;
			children = (
				CB40AA7C24D007360082F560 /* API */,
				CB40AA4924CD57300082F560 /* ViewModels */,
				CB40AA4A24CD57300082F560 /* Classes */,
				CB40AA4B24CD57300082F560 /* Controllers */,
				CB40AA4C24CD57300082F560 /* Views */,
			);
			path = "首页";
			sourceTree = "<group>";
		};
		CB40AA4924CD57300082F560 /* ViewModels */ = {
			isa = PBXGroup;
			children = (
			);
			path = ViewModels;
			sourceTree = "<group>";
		};
		CB40AA4A24CD57300082F560 /* Classes */ = {
			isa = PBXGroup;
			children = (
			);
			path = Classes;
			sourceTree = "<group>";
		};
		CB40AA4B24CD57300082F560 /* Controllers */ = {
			isa = PBXGroup;
			children = (
				CB40AA3524CD566F0082F560 /* HomeController.swift */,
				CB40AA7524CFCB9B0082F560 /* HMGoLoginController.swift */,
				CB40AA7624CFCB9B0082F560 /* HMGoLoginController.xib */,
				CB40AA7A24D006450082F560 /* HMHomeRecController.swift */,
			);
			path = Controllers;
			sourceTree = "<group>";
		};
		CB40AA4C24CD57300082F560 /* Views */ = {
			isa = PBXGroup;
			children = (
				CB40AA6724CEAB6D0082F560 /* HMNavSearchView.swift */,
				CB40AA6924CEAB880082F560 /* HMNavSearchView.xib */,
			);
			path = Views;
			sourceTree = "<group>";
		};
		CB40AA4D24CD57300082F560 /* 小组 */ = {
			isa = PBXGroup;
			children = (
				CB40AA4E24CD57300082F560 /* ViewModels */,
				CB40AA4F24CD57300082F560 /* Classes */,
				CB40AA5024CD57300082F560 /* Controllers */,
				CB40AA5124CD57300082F560 /* Views */,
			);
			path = "小组";
			sourceTree = "<group>";
		};
		CB40AA4E24CD57300082F560 /* ViewModels */ = {
			isa = PBXGroup;
			children = (
			);
			path = ViewModels;
			sourceTree = "<group>";
		};
		CB40AA4F24CD57300082F560 /* Classes */ = {
			isa = PBXGroup;
			children = (
			);
			path = Classes;
			sourceTree = "<group>";
		};
		CB40AA5024CD57300082F560 /* Controllers */ = {
			isa = PBXGroup;
			children = (
				CB40AA2F24CD56480082F560 /* GroupController.swift */,
			);
			path = Controllers;
			sourceTree = "<group>";
		};
		CB40AA5124CD57300082F560 /* Views */ = {
			isa = PBXGroup;
			children = (
			);
			path = Views;
			sourceTree = "<group>";
		};
		CB40AA5224CD57300082F560 /* 市集 */ = {
			isa = PBXGroup;
			children = (
				CB40AA5324CD57300082F560 /* ViewModels */,
				CB40AA5424CD57300082F560 /* Classes */,
				CB40AA5524CD57300082F560 /* Controllers */,
				CB40AA5624CD57300082F560 /* Views */,
			);
			path = "市集";
			sourceTree = "<group>";
		};
		CB40AA5324CD57300082F560 /* ViewModels */ = {
			isa = PBXGroup;
			children = (
			);
			path = ViewModels;
			sourceTree = "<group>";
		};
		CB40AA5424CD57300082F560 /* Classes */ = {
			isa = PBXGroup;
			children = (
			);
			path = Classes;
			sourceTree = "<group>";
		};
		CB40AA5524CD57300082F560 /* Controllers */ = {
			isa = PBXGroup;
			children = (
				CB40AA3724CD567A0082F560 /* MarketController.swift */,
			);
			path = Controllers;
			sourceTree = "<group>";
		};
		CB40AA5624CD57300082F560 /* Views */ = {
			isa = PBXGroup;
			children = (
			);
			path = Views;
			sourceTree = "<group>";
		};
		CB40AA6324CEA7680082F560 /* Main */ = {
			isa = PBXGroup;
			children = (
				CB40AA5924CD67240082F560 /* HMTabbarController.swift */,
				CB40AA5F24CD72DB0082F560 /* HMTabBar.swift */,
				CB40AA5D24CD68F20082F560 /* HMTabBarButton.swift */,
				CB40AA6524CEA8020082F560 /* HMNavigationController.swift */,
			);
			path = Main;
			sourceTree = "<group>";
		};
		CB40AA6424CEA77A0082F560 /* Other */ = {
			isa = PBXGroup;
			children = (
				CB40AA1924CD467A0082F560 /* AppDelegate.swift */,
				CB40AA1B24CD467A0082F560 /* SceneDelegate.swift */,
				CB40AA2D24CD54E00082F560 /* const.swift */,
				CB40AA6124CEA6660082F560 /* MyExtension.swift */,
			);
			path = Other;
			sourceTree = "<group>";
		};
		CB40AA7924D006060082F560 /* HMPageVIew */ = {
			isa = PBXGroup;
			children = (
				CB40AA6F24CFC5AF0082F560 /* HMPageTitleView.swift */,
				CB40AA6B24CFC4490082F560 /* HMPageView.swift */,
				CB40AA7124CFC7150082F560 /* HMPageContentView.swift */,
				CB40AA7324CFC93C0082F560 /* HMPageCollectionViewFlowLayout.swift */,
				CB40AA6D24CFC5560082F560 /* HMPageStyle.swift */,
			);
			path = HMPageVIew;
			sourceTree = "<group>";
		};
		CB40AA7C24D007360082F560 /* API */ = {
			isa = PBXGroup;
			children = (
				CB40AA7D24D0077B0082F560 /* HMHomeRecAPI.swift */,
			);
			path = API;
			sourceTree = "<group>";
		};
/* End PBXGroup section */

/* Begin PBXNativeTarget section */
		CB40AA1524CD467A0082F560 /* 豆瓣 */ = {
			isa = PBXNativeTarget;
			buildConfigurationList = CB40AA2A24CD467A0082F560 /* Build configuration list for PBXNativeTarget "豆瓣" */;
			buildPhases = (
				32C82FC2F8D6A72DE4D8DBEA /* [CP] Check Pods Manifest.lock */,
				CB40AA1224CD467A0082F560 /* Sources */,
				CB40AA1324CD467A0082F560 /* Frameworks */,
				CB40AA1424CD467A0082F560 /* Resources */,
				F5DC8E89F608CF8A7E9BCC28 /* [CP] Embed Pods Frameworks */,
			);
			buildRules = (
			);
			dependencies = (
			);
			name = "豆瓣";
			productName = "豆瓣";
			productReference = CB40AA1624CD467A0082F560 /* 豆瓣.app */;
			productType = "com.apple.product-type.application";
		};
/* End PBXNativeTarget section */

/* Begin PBXProject section */
		CB40AA0E24CD467A0082F560 /* Project object */ = {
			isa = PBXProject;
			attributes = {
				LastSwiftUpdateCheck = 1130;
				LastUpgradeCheck = 1130;
				ORGANIZATIONNAME = "梁航铭";
				TargetAttributes = {
					CB40AA1524CD467A0082F560 = {
						CreatedOnToolsVersion = 11.3;
					};
				};
			};
			buildConfigurationList = CB40AA1124CD467A0082F560 /* Build configuration list for PBXProject "豆瓣" */;
			compatibilityVersion = "Xcode 9.3";
			developmentRegion = en;
			hasScannedForEncodings = 0;
			knownRegions = (
				en,
				Base,
			);
			mainGroup = CB40AA0D24CD467A0082F560;
			productRefGroup = CB40AA1724CD467A0082F560 /* Products */;
			projectDirPath = "";
			projectRoot = "";
			targets = (
				CB40AA1524CD467A0082F560 /* 豆瓣 */,
			);
		};
/* End PBXProject section */

/* Begin PBXResourcesBuildPhase section */
		CB40AA1424CD467A0082F560 /* Resources */ = {
			isa = PBXResourcesBuildPhase;
			buildActionMask = 2147483647;
			files = (
				CB40AA7824CFCB9B0082F560 /* HMGoLoginController.xib in Resources */,
				CB40AA6A24CEAB880082F560 /* HMNavSearchView.xib in Resources */,
				CB40AA2624CD467A0082F560 /* LaunchScreen.storyboard in Resources */,
				CB40AA2324CD467A0082F560 /* Assets.xcassets in Resources */,
			);
			runOnlyForDeploymentPostprocessing = 0;
		};
/* End PBXResourcesBuildPhase section */

/* Begin PBXShellScriptBuildPhase section */
		32C82FC2F8D6A72DE4D8DBEA /* [CP] Check Pods Manifest.lock */ = {
			isa = PBXShellScriptBuildPhase;
			buildActionMask = 2147483647;
			files = (
			);
			inputFileListPaths = (
			);
			inputPaths = (
				"${PODS_PODFILE_DIR_PATH}/Podfile.lock",
				"${PODS_ROOT}/Manifest.lock",
			);
			name = "[CP] Check Pods Manifest.lock";
			outputFileListPaths = (
			);
			outputPaths = (
				"$(DERIVED_FILE_DIR)/Pods-豆瓣-checkManifestLockResult.txt",
			);
			runOnlyForDeploymentPostprocessing = 0;
			shellPath = /bin/sh;
			shellScript = "diff \"${PODS_PODFILE_DIR_PATH}/Podfile.lock\" \"${PODS_ROOT}/Manifest.lock\" > /dev/null\nif [ $? != 0 ] ; then\n    # print error to STDERR\n    echo \"error: The sandbox is not in sync with the Podfile.lock. Run 'pod install' or update your CocoaPods installation.\" >&2\n    exit 1\nfi\n# This output is used by Xcode 'outputs' to avoid re-running this script phase.\necho \"SUCCESS\" > \"${SCRIPT_OUTPUT_FILE_0}\"\n";
			showEnvVarsInLog = 0;
		};
		F5DC8E89F608CF8A7E9BCC28 /* [CP] Embed Pods Frameworks */ = {
			isa = PBXShellScriptBuildPhase;
			buildActionMask = 2147483647;
			files = (
			);
			inputFileListPaths = (
				"${PODS_ROOT}/Target Support Files/Pods-豆瓣/Pods-豆瓣-frameworks-${CONFIGURATION}-input-files.xcfilelist",
			);
			name = "[CP] Embed Pods Frameworks";
			outputFileListPaths = (
				"${PODS_ROOT}/Target Support Files/Pods-豆瓣/Pods-豆瓣-frameworks-${CONFIGURATION}-output-files.xcfilelist",
			);
			runOnlyForDeploymentPostprocessing = 0;
			shellPath = /bin/sh;
			shellScript = "\"${PODS_ROOT}/Target Support Files/Pods-豆瓣/Pods-豆瓣-frameworks.sh\"\n";
			showEnvVarsInLog = 0;
		};
/* End PBXShellScriptBuildPhase section */

/* Begin PBXSourcesBuildPhase section */
		CB40AA1224CD467A0082F560 /* Sources */ = {
			isa = PBXSourcesBuildPhase;
			buildActionMask = 2147483647;
			files = (
				CB40AA3424CD56600082F560 /* MineController.swift in Sources */,
				CB40AA6C24CFC4490082F560 /* HMPageView.swift in Sources */,
				CB40AA3824CD567A0082F560 /* MarketController.swift in Sources */,
				CB40AA7E24D0077B0082F560 /* HMHomeRecAPI.swift in Sources */,
				CB40AA3224CD56560082F560 /* SubjectsController.swift in Sources */,
				CB40AA7024CFC5AF0082F560 /* HMPageTitleView.swift in Sources */,
				CB40AA5E24CD68F20082F560 /* HMTabBarButton.swift in Sources */,
				CB40AA5A24CD67240082F560 /* HMTabbarController.swift in Sources */,
				CB40AA6824CEAB6D0082F560 /* HMNavSearchView.swift in Sources */,
				CB40AA7424CFC93C0082F560 /* HMPageCollectionViewFlowLayout.swift in Sources */,
				CB40AA3624CD566F0082F560 /* HomeController.swift in Sources */,
				CB40AA2E24CD54E00082F560 /* const.swift in Sources */,
				CB40AA3024CD56480082F560 /* GroupController.swift in Sources */,
				CB40AA7724CFCB9B0082F560 /* HMGoLoginController.swift in Sources */,
				CB40AA6024CD72DB0082F560 /* HMTabBar.swift in Sources */,
				CB40AA7B24D006450082F560 /* HMHomeRecController.swift in Sources */,
				CB40AA1A24CD467A0082F560 /* AppDelegate.swift in Sources */,
				CB40AA6624CEA8020082F560 /* HMNavigationController.swift in Sources */,
				CB40AA7224CFC7150082F560 /* HMPageContentView.swift in Sources */,
				CB40AA1C24CD467A0082F560 /* SceneDelegate.swift in Sources */,
				CB40AA6224CEA6660082F560 /* MyExtension.swift in Sources */,
				CB40AA6E24CFC5560082F560 /* HMPageStyle.swift in Sources */,
			);
			runOnlyForDeploymentPostprocessing = 0;
		};
/* End PBXSourcesBuildPhase section */

/* Begin PBXVariantGroup section */
		CB40AA2424CD467A0082F560 /* LaunchScreen.storyboard */ = {
			isa = PBXVariantGroup;
			children = (
				CB40AA2524CD467A0082F560 /* Base */,
			);
			name = LaunchScreen.storyboard;
			sourceTree = "<group>";
		};
/* End PBXVariantGroup section */

/* Begin XCBuildConfiguration section */
		CB40AA2824CD467A0082F560 /* Debug */ = {
			isa = XCBuildConfiguration;
			buildSettings = {
				ALWAYS_SEARCH_USER_PATHS = NO;
				CLANG_ANALYZER_NONNULL = YES;
				CLANG_ANALYZER_NUMBER_OBJECT_CONVERSION = YES_AGGRESSIVE;
				CLANG_CXX_LANGUAGE_STANDARD = "gnu++14";
				CLANG_CXX_LIBRARY = "libc++";
				CLANG_ENABLE_MODULES = YES;
				CLANG_ENABLE_OBJC_ARC = YES;
				CLANG_ENABLE_OBJC_WEAK = YES;
				CLANG_WARN_BLOCK_CAPTURE_AUTORELEASING = YES;
				CLANG_WARN_BOOL_CONVERSION = YES;
				CLANG_WARN_COMMA = YES;
				CLANG_WARN_CONSTANT_CONVERSION = YES;
				CLANG_WARN_DEPRECATED_OBJC_IMPLEMENTATIONS = YES;
				CLANG_WARN_DIRECT_OBJC_ISA_USAGE = YES_ERROR;
				CLANG_WARN_DOCUMENTATION_COMMENTS = YES;
				CLANG_WARN_EMPTY_BODY = YES;
				CLANG_WARN_ENUM_CONVERSION = YES;
				CLANG_WARN_INFINITE_RECURSION = YES;
				CLANG_WARN_INT_CONVERSION = YES;
				CLANG_WARN_NON_LITERAL_NULL_CONVERSION = YES;
				CLANG_WARN_OBJC_IMPLICIT_RETAIN_SELF = YES;
				CLANG_WARN_OBJC_LITERAL_CONVERSION = YES;
				CLANG_WARN_OBJC_ROOT_CLASS = YES_ERROR;
				CLANG_WARN_RANGE_LOOP_ANALYSIS = YES;
				CLANG_WARN_STRICT_PROTOTYPES = YES;
				CLANG_WARN_SUSPICIOUS_MOVE = YES;
				CLANG_WARN_UNGUARDED_AVAILABILITY = YES_AGGRESSIVE;
				CLANG_WARN_UNREACHABLE_CODE = YES;
				CLANG_WARN__DUPLICATE_METHOD_MATCH = YES;
				COPY_PHASE_STRIP = NO;
				DEBUG_INFORMATION_FORMAT = dwarf;
				ENABLE_STRICT_OBJC_MSGSEND = YES;
				ENABLE_TESTABILITY = YES;
				GCC_C_LANGUAGE_STANDARD = gnu11;
				GCC_DYNAMIC_NO_PIC = NO;
				GCC_NO_COMMON_BLOCKS = YES;
				GCC_OPTIMIZATION_LEVEL = 0;
				GCC_PREPROCESSOR_DEFINITIONS = (
					"DEBUG=1",
					"$(inherited)",
				);
				GCC_WARN_64_TO_32_BIT_CONVERSION = YES;
				GCC_WARN_ABOUT_RETURN_TYPE = YES_ERROR;
				GCC_WARN_UNDECLARED_SELECTOR = YES;
				GCC_WARN_UNINITIALIZED_AUTOS = YES_AGGRESSIVE;
				GCC_WARN_UNUSED_FUNCTION = YES;
				GCC_WARN_UNUSED_VARIABLE = YES;
				IPHONEOS_DEPLOYMENT_TARGET = 13.2;
				MTL_ENABLE_DEBUG_INFO = INCLUDE_SOURCE;
				MTL_FAST_MATH = YES;
				ONLY_ACTIVE_ARCH = YES;
				SDKROOT = iphoneos;
				SWIFT_ACTIVE_COMPILATION_CONDITIONS = DEBUG;
				SWIFT_OPTIMIZATION_LEVEL = "-Onone";
			};
			name = Debug;
		};
		CB40AA2924CD467A0082F560 /* Release */ = {
			isa = XCBuildConfiguration;
			buildSettings = {
				ALWAYS_SEARCH_USER_PATHS = NO;
				CLANG_ANALYZER_NONNULL = YES;
				CLANG_ANALYZER_NUMBER_OBJECT_CONVERSION = YES_AGGRESSIVE;
				CLANG_CXX_LANGUAGE_STANDARD = "gnu++14";
				CLANG_CXX_LIBRARY = "libc++";
				CLANG_ENABLE_MODULES = YES;
				CLANG_ENABLE_OBJC_ARC = YES;
				CLANG_ENABLE_OBJC_WEAK = YES;
				CLANG_WARN_BLOCK_CAPTURE_AUTORELEASING = YES;
				CLANG_WARN_BOOL_CONVERSION = YES;
				CLANG_WARN_COMMA = YES;
				CLANG_WARN_CONSTANT_CONVERSION = YES;
				CLANG_WARN_DEPRECATED_OBJC_IMPLEMENTATIONS = YES;
				CLANG_WARN_DIRECT_OBJC_ISA_USAGE = YES_ERROR;
				CLANG_WARN_DOCUMENTATION_COMMENTS = YES;
				CLANG_WARN_EMPTY_BODY = YES;
				CLANG_WARN_ENUM_CONVERSION = YES;
				CLANG_WARN_INFINITE_RECURSION = YES;
				CLANG_WARN_INT_CONVERSION = YES;
				CLANG_WARN_NON_LITERAL_NULL_CONVERSION = YES;
				CLANG_WARN_OBJC_IMPLICIT_RETAIN_SELF = YES;
				CLANG_WARN_OBJC_LITERAL_CONVERSION = YES;
				CLANG_WARN_OBJC_ROOT_CLASS = YES_ERROR;
				CLANG_WARN_RANGE_LOOP_ANALYSIS = YES;
				CLANG_WARN_STRICT_PROTOTYPES = YES;
				CLANG_WARN_SUSPICIOUS_MOVE = YES;
				CLANG_WARN_UNGUARDED_AVAILABILITY = YES_AGGRESSIVE;
				CLANG_WARN_UNREACHABLE_CODE = YES;
				CLANG_WARN__DUPLICATE_METHOD_MATCH = YES;
				COPY_PHASE_STRIP = NO;
				DEBUG_INFORMATION_FORMAT = "dwarf-with-dsym";
				ENABLE_NS_ASSERTIONS = NO;
				ENABLE_STRICT_OBJC_MSGSEND = YES;
				GCC_C_LANGUAGE_STANDARD = gnu11;
				GCC_NO_COMMON_BLOCKS = YES;
				GCC_WARN_64_TO_32_BIT_CONVERSION = YES;
				GCC_WARN_ABOUT_RETURN_TYPE = YES_ERROR;
				GCC_WARN_UNDECLARED_SELECTOR = YES;
				GCC_WARN_UNINITIALIZED_AUTOS = YES_AGGRESSIVE;
				GCC_WARN_UNUSED_FUNCTION = YES;
				GCC_WARN_UNUSED_VARIABLE = YES;
				IPHONEOS_DEPLOYMENT_TARGET = 13.2;
				MTL_ENABLE_DEBUG_INFO = NO;
				MTL_FAST_MATH = YES;
				SDKROOT = iphoneos;
				SWIFT_COMPILATION_MODE = wholemodule;
				SWIFT_OPTIMIZATION_LEVEL = "-O";
				VALIDATE_PRODUCT = YES;
			};
			name = Release;
		};
		CB40AA2B24CD467A0082F560 /* Debug */ = {
			isa = XCBuildConfiguration;
			baseConfigurationReference = E934CBA95FB6DD7F19111601 /* Pods-豆瓣.debug.xcconfig */;
			buildSettings = {
				ASSETCATALOG_COMPILER_APPICON_NAME = AppIcon;
				CODE_SIGN_STYLE = Automatic;
				INFOPLIST_FILE = "豆瓣/Info.plist";
				LD_RUNPATH_SEARCH_PATHS = (
					"$(inherited)",
					"@executable_path/Frameworks",
				);
				PRODUCT_BUNDLE_IDENTIFIER = "lhm.--";
				PRODUCT_NAME = "$(TARGET_NAME)";
				SWIFT_VERSION = 5.0;
				TARGETED_DEVICE_FAMILY = "1,2";
			};
			name = Debug;
		};
		CB40AA2C24CD467A0082F560 /* Release */ = {
			isa = XCBuildConfiguration;
			baseConfigurationReference = 94CAD2D689E731D597B1B078 /* Pods-豆瓣.release.xcconfig */;
			buildSettings = {
				ASSETCATALOG_COMPILER_APPICON_NAME = AppIcon;
				CODE_SIGN_STYLE = Automatic;
				INFOPLIST_FILE = "豆瓣/Info.plist";
				LD_RUNPATH_SEARCH_PATHS = (
					"$(inherited)",
					"@executable_path/Frameworks",
				);
				PRODUCT_BUNDLE_IDENTIFIER = "lhm.--";
				PRODUCT_NAME = "$(TARGET_NAME)";
				SWIFT_VERSION = 5.0;
				TARGETED_DEVICE_FAMILY = "1,2";
			};
			name = Release;
		};
/* End XCBuildConfiguration section */

/* Begin XCConfigurationList section */
		CB40AA1124CD467A0082F560 /* Build configuration list for PBXProject "豆瓣" */ = {
			isa = XCConfigurationList;
			buildConfigurations = (
				CB40AA2824CD467A0082F560 /* Debug */,
				CB40AA2924CD467A0082F560 /* Release */,
			);
			defaultConfigurationIsVisible = 0;
			defaultConfigurationName = Release;
		};
		CB40AA2A24CD467A0082F560 /* Build configuration list for PBXNativeTarget "豆瓣" */ = {
			isa = XCConfigurationList;
			buildConfigurations = (
				CB40AA2B24CD467A0082F560 /* Debug */,
				CB40AA2C24CD467A0082F560 /* Release */,
			);
			defaultConfigurationIsVisible = 0;
			defaultConfigurationName = Release;
		};
/* End XCConfigurationList section */
	};
	rootObject = CB40AA0E24CD467A0082F560 /* Project object */;
}
